// !$*UTF8*$!
{
	archiveVersion = 1;
	classes = {
	};
	objectVersion = 46;
	objects = {

/* Begin PBXBuildFile section */
		07680E111F464F8600DA79D7 /* libresolv.tbd in Frameworks */ = {isa = PBXBuildFile; fileRef = 07680E101F464F8600DA79D7 /* libresolv.tbd */; };
		134BB5D01BA38F5B004952BF /* main.m in Sources */ = {isa = PBXBuildFile; fileRef = 134BB5CF1BA38F5B004952BF /* main.m */; };
		134BB5EB1BA3953D004952BF /* libuikit_example.a in Frameworks */ = {isa = PBXBuildFile; fileRef = 134BB5E91BA3953D004952BF /* libuikit_example.a */; };
		134BB5ED1BA395EC004952BF /* UIKit.framework in Frameworks */ = {isa = PBXBuildFile; fileRef = 134BB5EC1BA395EC004952BF /* UIKit.framework */; };
		1373D1AE1D0C979D008AF888 /* Security.framework in Frameworks */ = {isa = PBXBuildFile; fileRef = 1373D1AD1D0C979D008AF888 /* Security.framework */; };
/* End PBXBuildFile section */

/* Begin PBXFileReference section */
		07680E101F464F8600DA79D7 /* libresolv.tbd */ = {isa = PBXFileReference; lastKnownFileType = "sourcecode.text-based-dylib-definition"; name = libresolv.tbd; path = usr/lib/libresolv.tbd; sourceTree = SDKROOT; };
		134BB5CB1BA38F5B004952BF /* RustUIKitExample.app */ = {isa = PBXFileReference; explicitFileType = wrapper.application; includeInIndex = 0; path = RustUIKitExample.app; sourceTree = BUILT_PRODUCTS_DIR; };
		134BB5CF1BA38F5B004952BF /* main.m */ = {isa = PBXFileReference; lastKnownFileType = sourcecode.c.objc; path = main.m; sourceTree = "<group>"; };
		134BB5DF1BA38F5B004952BF /* Info.plist */ = {isa = PBXFileReference; lastKnownFileType = text.plist.xml; path = Info.plist; sourceTree = "<group>"; };
		134BB5E91BA3953D004952BF /* libuikit_example.a */ = {isa = PBXFileReference; lastKnownFileType = archive.ar; name = libuikit_example.a; path = rust/libuikit_example.a; sourceTree = "<group>"; };
		134BB5EA1BA3953D004952BF /* uikit_example.h */ = {isa = PBXFileReference; fileEncoding = 4; lastKnownFileType = sourcecode.c.h; name = uikit_example.h; path = rust/uikit_example.h; sourceTree = "<group>"; };
		134BB5EC1BA395EC004952BF /* UIKit.framework */ = {isa = PBXFileReference; lastKnownFileType = wrapper.framework; name = UIKit.framework; path = System/Library/Frameworks/UIKit.framework; sourceTree = SDKROOT; };
		1373D1AD1D0C979D008AF888 /* Security.framework */ = {isa = PBXFileReference; lastKnownFileType = wrapper.framework; name = Security.framework; path = System/Library/Frameworks/Security.framework; sourceTree = SDKROOT; };
/* End PBXFileReference section */

/* Begin PBXFrameworksBuildPhase section */
		134BB5C81BA38F5B004952BF /* Frameworks */ = {
			isa = PBXFrameworksBuildPhase;
			buildActionMask = 2147483647;
			files = (
				07680E111F464F8600DA79D7 /* libresolv.tbd in Frameworks */,
				1373D1AE1D0C979D008AF888 /* Security.framework in Frameworks */,
				134BB5ED1BA395EC004952BF /* UIKit.framework in Frameworks */,
				134BB5EB1BA3953D004952BF /* libuikit_example.a in Frameworks */,
			);
			runOnlyForDeploymentPostprocessing = 0;
		};
/* End PBXFrameworksBuildPhase section */

/* Begin PBXGroup section */
		07680E0F1F464F8600DA79D7 /* Frameworks */ = {
			isa = PBXGroup;
			children = (
				07680E101F464F8600DA79D7 /* libresolv.tbd */,
			);
			name = Frameworks;
			sourceTree = "<group>";
		};
		134BB5C21BA38F5B004952BF = {
			isa = PBXGroup;
			children = (
				1373D1AD1D0C979D008AF888 /* Security.framework */,
				134BB5EC1BA395EC004952BF /* UIKit.framework */,
				134BB5E81BA39521004952BF /* rust */,
				134BB5CD1BA38F5B004952BF /* RustUIKitExample */,
				134BB5CC1BA38F5B004952BF /* Products */,
				07680E0F1F464F8600DA79D7 /* Frameworks */,
			);
			sourceTree = "<group>";
		};
		134BB5CC1BA38F5B004952BF /* Products */ = {
			isa = PBXGroup;
			children = (
				134BB5CB1BA38F5B004952BF /* RustUIKitExample.app */,
			);
			name = Products;
			sourceTree = "<group>";
		};
		134BB5CD1BA38F5B004952BF /* RustUIKitExample */ = {
			isa = PBXGroup;
			children = (
				134BB5DF1BA38F5B004952BF /* Info.plist */,
				134BB5CF1BA38F5B004952BF /* main.m */,
			);
			path = RustUIKitExample;
			sourceTree = "<group>";
		};
		134BB5E81BA39521004952BF /* rust */ = {
			isa = PBXGroup;
			children = (
				134BB5EA1BA3953D004952BF /* uikit_example.h */,
				134BB5E91BA3953D004952BF /* libuikit_example.a */,
			);
			name = rust;
			sourceTree = "<group>";
		};
/* End PBXGroup section */

/* Begin PBXNativeTarget section */
		134BB5CA1BA38F5B004952BF /* RustUIKitExample */ = {
			isa = PBXNativeTarget;
			buildConfigurationList = 134BB5E21BA38F5B004952BF /* Build configuration list for PBXNativeTarget "RustUIKitExample" */;
			buildPhases = (
				134BB5C71BA38F5B004952BF /* Sources */,
				134BB5C81BA38F5B004952BF /* Frameworks */,
				134BB5C91BA38F5B004952BF /* Resources */,
			);
			buildRules = (
			);
			dependencies = (
			);
			name = RustUIKitExample;
			productName = RustUIKitExample;
			productReference = 134BB5CB1BA38F5B004952BF /* RustUIKitExample.app */;
			productType = "com.apple.product-type.application";
		};
/* End PBXNativeTarget section */

/* Begin PBXProject section */
		134BB5C31BA38F5B004952BF /* Project object */ = {
			isa = PBXProject;
			attributes = {
				LastUpgradeCheck = 0700;
				ORGANIZATIONNAME = "Steven Sheldon";
				TargetAttributes = {
					134BB5CA1BA38F5B004952BF = {
						CreatedOnToolsVersion = 7.0;
					};
				};
			};
			buildConfigurationList = 134BB5C61BA38F5B004952BF /* Build configuration list for PBXProject "RustUIKitExample" */;
			compatibilityVersion = "Xcode 3.2";
			developmentRegion = English;
			hasScannedForEncodings = 0;
			knownRegions = (
				en,
				Base,
			);
			mainGroup = 134BB5C21BA38F5B004952BF;
			productRefGroup = 134BB5CC1BA38F5B004952BF /* Products */;
			projectDirPath = "";
			projectRoot = "";
			targets = (
				134BB5CA1BA38F5B004952BF /* RustUIKitExample */,
			);
		};
/* End PBXProject section */

/* Begin PBXResourcesBuildPhase section */
		134BB5C91BA38F5B004952BF /* Resources */ = {
			isa = PBXResourcesBuildPhase;
			buildActionMask = 2147483647;
			files = (
			);
			runOnlyForDeploymentPostprocessing = 0;
		};
/* End PBXResourcesBuildPhase section */

/* Begin PBXSourcesBuildPhase section */
		134BB5C71BA38F5B004952BF /* Sources */ = {
			isa = PBXSourcesBuildPhase;
			buildActionMask = 2147483647;
			files = (
				134BB5D01BA38F5B004952BF /* main.m in Sources */,
			);
			runOnlyForDeploymentPostprocessing = 0;
		};
/* End PBXSourcesBuildPhase section */

/* Begin XCBuildConfiguration section */
		134BB5E01BA38F5B004952BF /* Debug */ = {
			isa = XCBuildConfiguration;
			buildSettings = {
				ALWAYS_SEARCH_USER_PATHS = NO;
				CLANG_CXX_LANGUAGE_STANDARD = "gnu++0x";
				CLANG_CXX_LIBRARY = "libc++";
				CLANG_ENABLE_MODULES = YES;
				CLANG_ENABLE_OBJC_ARC = YES;
				CLANG_WARN_BOOL_CONVERSION = YES;
				CLANG_WARN_CONSTANT_CONVERSION = YES;
				CLANG_WARN_DIRECT_OBJC_ISA_USAGE = YES_ERROR;
				CLANG_WARN_EMPTY_BODY = YES;
				CLANG_WARN_ENUM_CONVERSION = YES;
				CLANG_WARN_INT_CONVERSION = YES;
				CLANG_WARN_OBJC_ROOT_CLASS = YES_ERROR;
				CLANG_WARN_UNREACHABLE_CODE = YES;
				CLANG_WARN__DUPLICATE_METHOD_MATCH = YES;
				"CODE_SIGN_IDENTITY[sdk=iphoneos*]" = "iPhone Developer";
				COPY_PHASE_STRIP = NO;
				DEBUG_INFORMATION_FORMAT = dwarf;
				ENABLE_STRICT_OBJC_MSGSEND = YES;
				ENABLE_TESTABILITY = YES;
				GCC_C_LANGUAGE_STANDARD = gnu99;
				GCC_DYNAMIC_NO_PIC = NO;
				GCC_NO_COMMON_BLOCKS = YES;
				GCC_OPTIMIZATION_LEVEL = 0;
				GCC_PREPROCESSOR_DEFINITIONS = (
					"DEBUG=1",
					"$(inherited)",
				);
				GCC_WARN_64_TO_32_BIT_CONVERSION = YES;
				GCC_WARN_ABOUT_RETURN_TYPE = YES_ERROR;
				GCC_WARN_UNDECLARED_SELECTOR = YES;
				GCC_WARN_UNINITIALIZED_AUTOS = YES_AGGRESSIVE;
				GCC_WARN_UNUSED_FUNCTION = YES;
				GCC_WARN_UNUSED_VARIABLE = YES;
				IPHONEOS_DEPLOYMENT_TARGET = 9.0;
				MTL_ENABLE_DEBUG_INFO = YES;
				ONLY_ACTIVE_ARCH = YES;
				SDKROOT = iphoneos;
				TARGETED_DEVICE_FAMILY = "1,2";
			};
			name = Debug;
		};
		134BB5E11BA38F5B004952BF /* Release */ = {
			isa = XCBuildConfiguration;
			buildSettings = {
				ALWAYS_SEARCH_USER_PATHS = NO;
				CLANG_CXX_LANGUAGE_STANDARD = "gnu++0x";
				CLANG_CXX_LIBRARY = "libc++";
				CLANG_ENABLE_MODULES = YES;
				CLANG_ENABLE_OBJC_ARC = YES;
				CLANG_WARN_BOOL_CONVERSION = YES;
				CLANG_WARN_CONSTANT_CONVERSION = YES;
				CLANG_WARN_DIRECT_OBJC_ISA_USAGE = YES_ERROR;
				CLANG_WARN_EMPTY_BODY = YES;
				CLANG_WARN_ENUM_CONVERSION = YES;
				CLANG_WARN_INT_CONVERSION = YES;
				CLANG_WARN_OBJC_ROOT_CLASS = YES_ERROR;
				CLANG_WARN_UNREACHABLE_CODE = YES;
				CLANG_WARN__DUPLICATE_METHOD_MATCH = YES;
				"CODE_SIGN_IDENTITY[sdk=iphoneos*]" = "iPhone Developer";
				COPY_PHASE_STRIP = NO;
				DEBUG_INFORMATION_FORMAT = "dwarf-with-dsym";
				ENABLE_NS_ASSERTIONS = NO;
				ENABLE_STRICT_OBJC_MSGSEND = YES;
				GCC_C_LANGUAGE_STANDARD = gnu99;
				GCC_NO_COMMON_BLOCKS = YES;
				GCC_WARN_64_TO_32_BIT_CONVERSION = YES;
				GCC_WARN_ABOUT_RETURN_TYPE = YES_ERROR;
				GCC_WARN_UNDECLARED_SELECTOR = YES;
				GCC_WARN_UNINITIALIZED_AUTOS = YES_AGGRESSIVE;
				GCC_WARN_UNUSED_FUNCTION = YES;
				GCC_WARN_UNUSED_VARIABLE = YES;
				IPHONEOS_DEPLOYMENT_TARGET = 9.0;
				MTL_ENABLE_DEBUG_INFO = NO;
				SDKROOT = iphoneos;
				TARGETED_DEVICE_FAMILY = "1,2";
				VALIDATE_PRODUCT = YES;
			};
			name = Release;
		};
		134BB5E31BA38F5B004952BF /* Debug */ = {
			isa = XCBuildConfiguration;
			buildSettings = {
				INFOPLIST_FILE = RustUIKitExample/Info.plist;
				IPHONEOS_DEPLOYMENT_TARGET = 8.0;
				LD_RUNPATH_SEARCH_PATHS = "$(inherited) @executable_path/Frameworks";
				LIBRARY_SEARCH_PATHS = (
					"$(inherited)",
					"$(PROJECT_DIR)/rust",
				);
				PRODUCT_BUNDLE_IDENTIFIER = com.sasheldon.RustUIKitExample;
				PRODUCT_NAME = "$(TARGET_NAME)";
			};
			name = Debug;
		};
		134BB5E41BA38F5B004952BF /* Release */ = {
			isa = XCBuildConfiguration;
			buildSettings = {
				INFOPLIST_FILE = RustUIKitExample/Info.plist;
				IPHONEOS_DEPLOYMENT_TARGET = 8.0;
				LD_RUNPATH_SEARCH_PATHS = "$(inherited) @executable_path/Frameworks";
				LIBRARY_SEARCH_PATHS = (
					"$(inherited)",
					"$(PROJECT_DIR)/rust",
				);
				PRODUCT_BUNDLE_IDENTIFIER = com.sasheldon.RustUIKitExample;
				PRODUCT_NAME = "$(TARGET_NAME)";
			};
			name = Release;
		};
/* End XCBuildConfiguration section */

/* Begin XCConfigurationList section */
		134BB5C61BA38F5B004952BF /* Build configuration list for PBXProject "RustUIKitExample" */ = {
			isa = XCConfigurationList;
			buildConfigurations = (
				134BB5E01BA38F5B004952BF /* Debug */,
				134BB5E11BA38F5B004952BF /* Release */,
			);
			defaultConfigurationIsVisible = 0;
			defaultConfigurationName = Debug;
		};
		134BB5E21BA38F5B004952BF /* Build configuration list for PBXNativeTarget "RustUIKitExample" */ = {
			isa = XCConfigurationList;
			buildConfigurations = (
				134BB5E31BA38F5B004952BF /* Debug */,
				134BB5E41BA38F5B004952BF /* Release */,
			);
			defaultConfigurationIsVisible = 0;
			defaultConfigurationName = Debug;
		};
/* End XCConfigurationList section */
	};
	rootObject = 134BB5C31BA38F5B004952BF /* Project object */;
}
